{
  "requires": true,
  "lockfileVersion": 1,
  "dependencies": {
    "angular-6-social-login": {
      "version": "1.1.1",
      "resolved": "https://registry.npmjs.org/angular-6-social-login/-/angular-6-social-login-1.1.1.tgz",
      "integrity": "sha512-/JCUhzHIRP8I+0m5yWQY3A7HjxgLQPjxLTyjxlQpQ7TEyZhd2Uy1NOvSPnBxODwFwTLnfAyJXlubzssYFhqzdw=="
    },
    "inherits": {
      "version": "2.0.3",
      "resolved": "https://registry.npmjs.org/inherits/-/inherits-2.0.3.tgz",
      "integrity": "sha1-Yzwsg+PaQqUC9SRmAiSA9CCCYd4="
    },
    "oauth": {
      "version": "0.9.15",
      "resolved": "https://registry.npmjs.org/oauth/-/oauth-0.9.15.tgz",
      "integrity": "sha1-vR/vr2hslrdUda7VGWQS/2DPucE="
    },
    "openid": {
      "version": "0.5.13",
      "resolved": "https://registry.npmjs.org/openid/-/openid-0.5.13.tgz",
      "integrity": "sha1-G462yox67m3WJktp2vua14UsKk0="
    },
    "passport": {
      "version": "0.1.18",
      "resolved": "http://registry.npmjs.org/passport/-/passport-0.1.18.tgz",
      "integrity": "sha1-yCZEedy2QUytu2Z1LRKzfgtlJaE=",
      "requires": {
        "pause": "0.0.1",
        "pkginfo": "0.2.3"
      }
    },
    "passport-amazon": {
      "version": "0.1.0",
      "resolved": "https://registry.npmjs.org/passport-amazon/-/passport-amazon-0.1.0.tgz",
      "integrity": "sha1-+McRKuAEim9hFgT+7TbjFgcMVG0=",
      "requires": {
        "passport-oauth": "0.1.15",
        "pkginfo": "0.2.3"
      }
    },
    "passport-aol": {
      "version": "0.2.0",
      "resolved": "https://registry.npmjs.org/passport-aol/-/passport-aol-0.2.0.tgz",
      "integrity": "sha1-dqSogBlhcyNUHh6up8A9u/iqO+Q=",
      "requires": {
        "passport-openid": "0.3.1",
        "pkginfo": "0.2.3"
      }
    },
    "passport-bitbucket": {
      "version": "0.1.2",
      "resolved": "https://registry.npmjs.org/passport-bitbucket/-/passport-bitbucket-0.1.2.tgz",
      "integrity": "sha1-MSTGDwxr75Ohvn/yFDj6lzjpN2g=",
      "requires": {
        "passport-oauth": "0.1.15",
        "pkginfo": "0.2.3"
      }
    },
    "passport-dropbox-oauth2": {
      "version": "0.1.6",
      "resolved": "https://registry.npmjs.org/passport-dropbox-oauth2/-/passport-dropbox-oauth2-0.1.6.tgz",
      "integrity": "sha1-6QaswpR9JckrR+MoH8rjxsJtKj0=",
      "requires": {
        "passport-oauth": "0.1.15",
        "pkginfo": "0.2.3"
      }
    },
    "passport-evernote": {
      "version": "0.1.1",
      "resolved": "https://registry.npmjs.org/passport-evernote/-/passport-evernote-0.1.1.tgz",
      "integrity": "sha1-EOCXr/p+dSA1jZ6ibzTxzOF2rcI=",
      "requires": {
        "passport-oauth": "0.1.15",
        "pkginfo": "0.2.3"
      }
    },
    "passport-facebook": {
      "version": "1.0.3",
      "resolved": "https://registry.npmjs.org/passport-facebook/-/passport-facebook-1.0.3.tgz",
      "integrity": "sha1-gqlaqwAXqxkLgVqx5kq3VILqzcc=",
      "requires": {
        "passport-oauth2": "1.4.0"
      }
    },
    "passport-fitbit": {
      "version": "0.1.2",
      "resolved": "https://registry.npmjs.org/passport-fitbit/-/passport-fitbit-0.1.2.tgz",
      "integrity": "sha1-5MuvyBMPLFxKEKnlVDh4WE8XrTA=",
      "requires": {
        "passport-oauth": "0.1.15",
        "pkginfo": "0.2.3"
      }
    },
    "passport-flickr": {
      "version": "0.2.0",
      "resolved": "https://registry.npmjs.org/passport-flickr/-/passport-flickr-0.2.0.tgz",
      "integrity": "sha1-nzp36sS0ip4hCd8S5UQRS0KWDFw=",
      "requires": {
        "passport-oauth": "0.1.15"
      }
    },
    "passport-foursquare": {
      "version": "1.0.0",
      "resolved": "https://registry.npmjs.org/passport-foursquare/-/passport-foursquare-1.0.0.tgz",
      "integrity": "sha1-DMq5c4fGXsltSP2//meYx1KUgCE=",
      "requires": {
        "passport-oauth2": "1.4.0"
      }
    },
    "passport-github": {
      "version": "0.1.5",
      "resolved": "https://registry.npmjs.org/passport-github/-/passport-github-0.1.5.tgz",
      "integrity": "sha1-JY67da9AzcTjrxG+OhOLdcH4ZcE=",
      "requires": {
        "passport-oauth": "0.1.15",
        "pkginfo": "0.2.3"
      }
    },
    "passport-google-oauth": {
      "version": "0.1.5",
      "resolved": "https://registry.npmjs.org/passport-google-oauth/-/passport-google-oauth-0.1.5.tgz",
      "integrity": "sha1-/WtIz5sgKDchx2NukdCUwWqGcdc=",
      "requires": {
        "passport-oauth": "0.1.15",
        "pkginfo": "0.2.3"
      }
    },
    "passport-instagram": {
      "version": "0.1.2",
      "resolved": "https://registry.npmjs.org/passport-instagram/-/passport-instagram-0.1.2.tgz",
      "integrity": "sha1-ochFJTMO7YoF0+z+w79WyqiVz9Y=",
      "requires": {
        "passport-oauth": "0.1.15",
        "pkginfo": "0.2.3"
      }
    },
    "passport-linkedin": {
      "version": "0.1.3",
      "resolved": "https://registry.npmjs.org/passport-linkedin/-/passport-linkedin-0.1.3.tgz",
      "integrity": "sha1-w+JbzCJJIfYyvW/sQ1eXL7FkUqw=",
      "requires": {
        "passport-oauth": "0.1.15",
        "pkginfo": "0.2.3"
      }
    },
    "passport-local": {
      "version": "1.0.0",
      "resolved": "https://registry.npmjs.org/passport-local/-/passport-local-1.0.0.tgz",
      "integrity": "sha1-H+YyaMkudWBmJkN+O5BmYsFbpu4=",
      "requires": {
        "passport-strategy": "1.0.0"
      }
    },
    "passport-meetup": {
      "version": "0.1.2",
      "resolved": "https://registry.npmjs.org/passport-meetup/-/passport-meetup-0.1.2.tgz",
      "integrity": "sha1-/6zzMX9sTxDrtiQfoo/c9J+9beg=",
      "requires": {
        "passport-oauth": "0.1.15",
        "pkginfo": "0.2.3"
      }
    },
    "passport-oauth": {
      "version": "0.1.15",
      "resolved": "https://registry.npmjs.org/passport-oauth/-/passport-oauth-0.1.15.tgz",
      "integrity": "sha1-+3Tgr+hGFL+iVsX8cWzFa7/IzsA=",
      "requires": {
        "oauth": "0.9.15",
        "passport": "0.1.18",
        "pkginfo": "0.2.3"
      }
    },
    "passport-oauth1": {
      "version": "1.1.0",
      "resolved": "https://registry.npmjs.org/passport-oauth1/-/passport-oauth1-1.1.0.tgz",
      "integrity": "sha1-p96YiiEfnPRoc3cTDqdN8ycwyRg=",
      "requires": {
        "oauth": "0.9.15",
        "passport-strategy": "1.0.0",
        "utils-merge": "1.0.1"
      }
    },
    "passport-oauth2": {
      "version": "1.4.0",
      "resolved": "https://registry.npmjs.org/passport-oauth2/-/passport-oauth2-1.4.0.tgz",
      "integrity": "sha1-9i+BWDy+EmCb585vFguTlaJ7hq0=",
      "requires": {
        "oauth": "0.9.15",
        "passport-strategy": "1.0.0",
        "uid2": "0.0.3",
        "utils-merge": "1.0.1"
      }
    },
    "passport-openid": {
      "version": "0.3.1",
      "resolved": "https://registry.npmjs.org/passport-openid/-/passport-openid-0.3.1.tgz",
      "integrity": "sha1-5k3gSFn6UbZSlIAXQSJiHgj6Iss=",
      "requires": {
        "openid": "0.5.13",
        "passport": "0.1.18",
        "pkginfo": "0.2.3"
      }
    },
    "passport-spotify": {
      "version": "0.1.0",
      "resolved": "https://registry.npmjs.org/passport-spotify/-/passport-spotify-0.1.0.tgz",
      "integrity": "sha1-fAcDEZErhPSLIejxnz/771no7Rg=",
      "requires": {
        "passport-oauth": "1.0.0",
        "pkginfo": "0.3.1",
        "querystring": "0.2.0",
        "util": "0.10.4"
      },
      "dependencies": {
        "passport-oauth": {
          "version": "1.0.0",
          "resolved": "https://registry.npmjs.org/passport-oauth/-/passport-oauth-1.0.0.tgz",
          "integrity": "sha1-kK/2M4dUDwIImvKM2tOep/gNd98=",
          "requires": {
            "passport-oauth1": "1.1.0",
            "passport-oauth2": "1.4.0"
          }
        },
        "pkginfo": {
          "version": "0.3.1",
          "resolved": "https://registry.npmjs.org/pkginfo/-/pkginfo-0.3.1.tgz",
          "integrity": "sha1-Wyn2qB9wcXFC4J52W76rl7T4HiE="
        }
      }
    },
    "passport-steam": {
      "version": "0.1.4",
      "resolved": "https://registry.npmjs.org/passport-steam/-/passport-steam-0.1.4.tgz",
      "integrity": "sha1-W1+ehxai7536NBw1gTOdHir0WvQ=",
      "requires": {
        "passport-openid": "0.3.1",
        "pkginfo": "0.2.3",
        "steam-web": "0.2.5"
      }
    },
    "passport-strategy": {
      "version": "1.0.0",
      "resolved": "https://registry.npmjs.org/passport-strategy/-/passport-strategy-1.0.0.tgz",
      "integrity": "sha1-tVOaqPwiWj0a0XlHbd8ja0QPUuQ="
    },
    "passport-trello": {
      "version": "0.1.4",
      "resolved": "https://registry.npmjs.org/passport-trello/-/passport-trello-0.1.4.tgz",
      "integrity": "sha1-wK7qpN1Zj5nhKcuDuXlQ9nJRlEI=",
      "requires": {
        "passport-oauth": "0.1.15"
      }
    },
    "passport-tumblr": {
      "version": "0.1.2",
      "resolved": "https://registry.npmjs.org/passport-tumblr/-/passport-tumblr-0.1.2.tgz",
      "integrity": "sha1-hbbFFRx54XRFIGUJWBgYBVTljKI=",
      "requires": {
        "passport-oauth": "0.1.15",
        "pkginfo": "0.2.3"
      }
    },
    "passport-twitter": {
      "version": "1.0.2",
      "resolved": "https://registry.npmjs.org/passport-twitter/-/passport-twitter-1.0.2.tgz",
      "integrity": "sha1-a/5fnsJZ3DY5kbC+PO6Uv+SFPSs=",
      "requires": {
        "passport-oauth1": "1.1.0",
        "xtraverse": "0.1.0"
      }
    },
    "passport-vimeo-oauth2": {
      "version": "0.0.3",
      "resolved": "https://registry.npmjs.org/passport-vimeo-oauth2/-/passport-vimeo-oauth2-0.0.3.tgz",
      "integrity": "sha1-EpJvoriTDDSxNxVFFcGBS+onsUI=",
      "requires": {
        "passport-oauth": "0.1.15",
        "pkginfo": "0.2.3"
      }
    },
    "passport-windowslive": {
      "version": "1.0.1",
      "resolved": "https://registry.npmjs.org/passport-windowslive/-/passport-windowslive-1.0.1.tgz",
      "integrity": "sha1-jtHj/c8tBdojd3zT+YVD+EGKKWQ=",
      "requires": {
        "passport-oauth2": "1.4.0"
      }
    },
    "passport-wordpress": {
      "version": "0.0.3",
      "resolved": "https://registry.npmjs.org/passport-wordpress/-/passport-wordpress-0.0.3.tgz",
      "integrity": "sha1-+jsUTHxaTJZ6X184MTnVFalaeYg=",
      "requires": {
        "passport-oauth": "0.1.15",
        "pkginfo": "0.2.3"
      }
    },
    "passport-yahoo-oauth": {
      "version": "0.1.2",
      "resolved": "https://registry.npmjs.org/passport-yahoo-oauth/-/passport-yahoo-oauth-0.1.2.tgz",
      "integrity": "sha1-e11pnZQOOSzek+gPw3TqRiQV25Q=",
      "requires": {
        "passport-oauth": "0.1.15",
        "pkginfo": "0.2.3"
      }
    },
    "pause": {
      "version": "0.0.1",
      "resolved": "https://registry.npmjs.org/pause/-/pause-0.0.1.tgz",
      "integrity": "sha1-HUCLP9t2kjuVQ9lvtMnf1TXZy10="
    },
    "pkginfo": {
      "version": "0.2.3",
      "resolved": "https://registry.npmjs.org/pkginfo/-/pkginfo-0.2.3.tgz",
      "integrity": "sha1-cjnEKl72wwuPMoQ52bn/cQQkkPg="
    },
    "querystring": {
      "version": "0.2.0",
      "resolved": "https://registry.npmjs.org/querystring/-/querystring-0.2.0.tgz",
      "integrity": "sha1-sgmEkgO7Jd+CDadW50cAWHhSFiA="
    },
    "sociallogin": {
      "version": "0.0.15",
      "resolved": "https://registry.npmjs.org/sociallogin/-/sociallogin-0.0.15.tgz",
      "integrity": "sha1-+i3NuWix4aZb0283wtPouHA6AuE=",
      "requires": {
        "passport-amazon": "0.1.0",
        "passport-aol": "0.2.0",
        "passport-bitbucket": "0.1.2",
        "passport-dropbox-oauth2": "0.1.6",
        "passport-evernote": "0.1.1",
        "passport-facebook": "1.0.3",
        "passport-fitbit": "0.1.2",
        "passport-flickr": "0.2.0",
        "passport-foursquare": "1.0.0",
        "passport-github": "0.1.5",
        "passport-google-oauth": "0.1.5",
        "passport-instagram": "0.1.2",
        "passport-linkedin": "0.1.3",
        "passport-local": "1.0.0",
        "passport-meetup": "0.1.2",
        "passport-spotify": "0.1.0",
        "passport-steam": "0.1.4",
        "passport-trello": "0.1.4",
        "passport-tumblr": "0.1.2",
        "passport-twitter": "1.0.2",
        "passport-vimeo-oauth2": "0.0.3",
        "passport-windowslive": "1.0.1",
        "passport-wordpress": "0.0.3",
        "passport-yahoo-oauth": "0.1.2"
      }
    },
    "steam-web": {
      "version": "0.2.5",
      "resolved": "https://registry.npmjs.org/steam-web/-/steam-web-0.2.5.tgz",
      "integrity": "sha1-KvGmER22MTfJ0v7LiE1U8uQQzZ8="
    },
    "uid2": {
      "version": "0.0.3",
      "resolved": "https://registry.npmjs.org/uid2/-/uid2-0.0.3.tgz",
      "integrity": "sha1-SDEm4Rd03y9xuLY53NeZw3YWK4I="
    },
    "util": {
      "version": "0.10.4",
      "resolved": "https://registry.npmjs.org/util/-/util-0.10.4.tgz",
      "integrity": "sha512-0Pm9hTQ3se5ll1XihRic3FDIku70C+iHUdT/W926rSgHV5QgXsYbKZN8MSC3tJtSkhuROzvsQjAaFENRXr+19A==",
      "requires": {
        "inherits": "2.0.3"
      }
    },
    "utils-merge": {
      "version": "1.0.1",
      "resolved": "https://registry.npmjs.org/utils-merge/-/utils-merge-1.0.1.tgz",
      "integrity": "sha1-n5VxD1CiZ5R7LMwSR0HBAoQn5xM="
    },
    "xmldom": {
      "version": "0.1.27",
      "resolved": "https://registry.npmjs.org/xmldom/-/xmldom-0.1.27.tgz",
      "integrity": "sha1-1QH5ezvbQDr4757MIFcxh6rawOk="
    },
    "xtraverse": {
      "version": "0.1.0",
      "resolved": "https://registry.npmjs.org/xtraverse/-/xtraverse-0.1.0.tgz",
      "integrity": "sha1-t0G60BjveNip0ug63gB7P3lZxzI=",
      "requires": {
        "xmldom": "0.1.27"
      }
    }
  }
}
